
Microsoft Visual Studio Solution File, Format Version 12.00
# Visual Studio 15
VisualStudioVersion = 15.0.28307.102
MinimumVisualStudioVersion = 10.0.40219.1
Project("{FAE04EC0-301F-11D3-BF4B-00C04F79EFBC}") = "WpfApp3", "WpfApp3\WpfApp3.csproj", "{C39A317E-F7ED-4D88-8A6F-34BDF5BCE6F5}"
EndProject
Global
	GlobalSection(SolutionConfigurationPlatforms) = preSolution
		Debug|Any CPU = Debug|Any CPU
		Release|Any CPU = Release|Any CPU
	EndGlobalSection
	GlobalSection(ProjectConfigurationPlatforms) = postSolution
		{C39A317E-F7ED-4D88-8A6F-34BDF5BCE6F5}.Debug|Any CPU.ActiveCfg = Debug|Any CPU
		{C39A317E-F7ED-4D88-8A6F-34BDF5BCE6F5}.Debug|Any CPU.Build.0 = Debug|Any CPU
		{C39A317E-F7ED-4D88-8A6F-34BDF5BCE6F5}.Release|Any CPU.ActiveCfg = Release|Any CPU
		{C39A317E-F7ED-4D88-8A6F-34BDF5BCE6F5}.Release|Any CPU.Build.0 = Release|Any CPU
	EndGlobalSection
	GlobalSection(SolutionProperties) = preSolution
		HideSolutionNode = FALSE
	EndGlobalSection
	GlobalSection(ExtensibilityGlobals) = postSolution
		SolutionGuid = {32B2CE28-8205-49CA-B16F-D7F84E53EDF4}
	EndGlobalSection
EndGlobal
