
Microsoft Visual Studio Solution File, Format Version 12.00
# Visual Studio Version 16
VisualStudioVersion = 16.0.29102.190
MinimumVisualStudioVersion = 10.0.40219.1
Project("{FAE04EC0-301F-11D3-BF4B-00C04F79EFBC}") = "ConsoleApp12", "ConsoleApp12\ConsoleApp12.csproj", "{DD7B088E-5E80-4592-9F11-B95DE6D20E24}"
EndProject
Project("{C7167F0D-BC9F-4E6E-AFE1-012C56B48DB5}") = "WapProjTemplate12", "WapProjTemplate12\WapProjTemplate12.wapproj", "{D9F3354C-72C4-4D4E-B21E-546520B89323}"
EndProject
Global
	GlobalSection(SolutionConfigurationPlatforms) = preSolution
		Debug|Any CPU = Debug|Any CPU
		Debug|ARM = Debug|ARM
		Debug|ARM64 = Debug|ARM64
		Debug|x64 = Debug|x64
		Debug|x86 = Debug|x86
		Release|Any CPU = Release|Any CPU
		Release|ARM = Release|ARM
		Release|ARM64 = Release|ARM64
		Release|x64 = Release|x64
		Release|x86 = Release|x86
	EndGlobalSection
	GlobalSection(ProjectConfigurationPlatforms) = postSolution
		{DD7B088E-5E80-4592-9F11-B95DE6D20E24}.Debug|Any CPU.ActiveCfg = Debug|Any CPU
		{DD7B088E-5E80-4592-9F11-B95DE6D20E24}.Debug|Any CPU.Build.0 = Debug|Any CPU
		{DD7B088E-5E80-4592-9F11-B95DE6D20E24}.Debug|ARM.ActiveCfg = Debug|Any CPU
		{DD7B088E-5E80-4592-9F11-B95DE6D20E24}.Debug|ARM.Build.0 = Debug|Any CPU
		{DD7B088E-5E80-4592-9F11-B95DE6D20E24}.Debug|ARM64.ActiveCfg = Debug|Any CPU
		{DD7B088E-5E80-4592-9F11-B95DE6D20E24}.Debug|ARM64.Build.0 = Debug|Any CPU
		{DD7B088E-5E80-4592-9F11-B95DE6D20E24}.Debug|x64.ActiveCfg = Debug|Any CPU
		{DD7B088E-5E80-4592-9F11-B95DE6D20E24}.Debug|x64.Build.0 = Debug|Any CPU
		{DD7B088E-5E80-4592-9F11-B95DE6D20E24}.Debug|x86.ActiveCfg = Debug|Any CPU
		{DD7B088E-5E80-4592-9F11-B95DE6D20E24}.Debug|x86.Build.0 = Debug|Any CPU
		{DD7B088E-5E80-4592-9F11-B95DE6D20E24}.Release|Any CPU.ActiveCfg = Release|Any CPU
		{DD7B088E-5E80-4592-9F11-B95DE6D20E24}.Release|Any CPU.Build.0 = Release|Any CPU
		{DD7B088E-5E80-4592-9F11-B95DE6D20E24}.Release|ARM.ActiveCfg = Release|Any CPU
		{DD7B088E-5E80-4592-9F11-B95DE6D20E24}.Release|ARM.Build.0 = Release|Any CPU
		{DD7B088E-5E80-4592-9F11-B95DE6D20E24}.Release|ARM64.ActiveCfg = Release|Any CPU
		{DD7B088E-5E80-4592-9F11-B95DE6D20E24}.Release|ARM64.Build.0 = Release|Any CPU
		{DD7B088E-5E80-4592-9F11-B95DE6D20E24}.Release|x64.ActiveCfg = Release|Any CPU
		{DD7B088E-5E80-4592-9F11-B95DE6D20E24}.Release|x64.Build.0 = Release|Any CPU
		{DD7B088E-5E80-4592-9F11-B95DE6D20E24}.Release|x86.ActiveCfg = Release|Any CPU
		{DD7B088E-5E80-4592-9F11-B95DE6D20E24}.Release|x86.Build.0 = Release|Any CPU
		{D9F3354C-72C4-4D4E-B21E-546520B89323}.Debug|Any CPU.ActiveCfg = Debug|Any CPU
		{D9F3354C-72C4-4D4E-B21E-546520B89323}.Debug|Any CPU.Build.0 = Debug|Any CPU
		{D9F3354C-72C4-4D4E-B21E-546520B89323}.Debug|Any CPU.Deploy.0 = Debug|Any CPU
		{D9F3354C-72C4-4D4E-B21E-546520B89323}.Debug|ARM.ActiveCfg = Debug|ARM
		{D9F3354C-72C4-4D4E-B21E-546520B89323}.Debug|ARM.Build.0 = Debug|ARM
		{D9F3354C-72C4-4D4E-B21E-546520B89323}.Debug|ARM.Deploy.0 = Debug|ARM
		{D9F3354C-72C4-4D4E-B21E-546520B89323}.Debug|ARM64.ActiveCfg = Debug|ARM64
		{D9F3354C-72C4-4D4E-B21E-546520B89323}.Debug|ARM64.Build.0 = Debug|ARM64
		{D9F3354C-72C4-4D4E-B21E-546520B89323}.Debug|ARM64.Deploy.0 = Debug|ARM64
		{D9F3354C-72C4-4D4E-B21E-546520B89323}.Debug|x64.ActiveCfg = Debug|x64
		{D9F3354C-72C4-4D4E-B21E-546520B89323}.Debug|x64.Build.0 = Debug|x64
		{D9F3354C-72C4-4D4E-B21E-546520B89323}.Debug|x64.Deploy.0 = Debug|x64
		{D9F3354C-72C4-4D4E-B21E-546520B89323}.Debug|x86.ActiveCfg = Debug|x86
		{D9F3354C-72C4-4D4E-B21E-546520B89323}.Debug|x86.Build.0 = Debug|x86
		{D9F3354C-72C4-4D4E-B21E-546520B89323}.Debug|x86.Deploy.0 = Debug|x86
		{D9F3354C-72C4-4D4E-B21E-546520B89323}.Release|Any CPU.ActiveCfg = Release|Any CPU
		{D9F3354C-72C4-4D4E-B21E-546520B89323}.Release|Any CPU.Build.0 = Release|Any CPU
		{D9F3354C-72C4-4D4E-B21E-546520B89323}.Release|Any CPU.Deploy.0 = Release|Any CPU
		{D9F3354C-72C4-4D4E-B21E-546520B89323}.Release|ARM.ActiveCfg = Release|ARM
		{D9F3354C-72C4-4D4E-B21E-546520B89323}.Release|ARM.Build.0 = Release|ARM
		{D9F3354C-72C4-4D4E-B21E-546520B89323}.Release|ARM.Deploy.0 = Release|ARM
		{D9F3354C-72C4-4D4E-B21E-546520B89323}.Release|ARM64.ActiveCfg = Release|ARM64
		{D9F3354C-72C4-4D4E-B21E-546520B89323}.Release|ARM64.Build.0 = Release|ARM64
		{D9F3354C-72C4-4D4E-B21E-546520B89323}.Release|ARM64.Deploy.0 = Release|ARM64
		{D9F3354C-72C4-4D4E-B21E-546520B89323}.Release|x64.ActiveCfg = Release|x64
		{D9F3354C-72C4-4D4E-B21E-546520B89323}.Release|x64.Build.0 = Release|x64
		{D9F3354C-72C4-4D4E-B21E-546520B89323}.Release|x64.Deploy.0 = Release|x64
		{D9F3354C-72C4-4D4E-B21E-546520B89323}.Release|x86.ActiveCfg = Release|x86
		{D9F3354C-72C4-4D4E-B21E-546520B89323}.Release|x86.Build.0 = Release|x86
		{D9F3354C-72C4-4D4E-B21E-546520B89323}.Release|x86.Deploy.0 = Release|x86
	EndGlobalSection
	GlobalSection(SolutionProperties) = preSolution
		HideSolutionNode = FALSE
	EndGlobalSection
	GlobalSection(ExtensibilityGlobals) = postSolution
		SolutionGuid = {56A0CF5A-5D1B-45B6-A3C3-0EA9C5104FE5}
	EndGlobalSection
EndGlobal
