
Microsoft Visual Studio Solution File, Format Version 12.00
# Visual Studio 15
VisualStudioVersion = 15.0.28307.102
MinimumVisualStudioVersion = 10.0.40219.1
Project("{FAE04EC0-301F-11D3-BF4B-00C04F79EFBC}") = "WpfApp2", "WpfApp2\WpfApp2.csproj", "{82E63AB4-8EBF-4677-BE6A-49B9C3902AEE}"
EndProject
Global
	GlobalSection(SolutionConfigurationPlatforms) = preSolution
		Debug|Any CPU = Debug|Any CPU
		Release|Any CPU = Release|Any CPU
	EndGlobalSection
	GlobalSection(ProjectConfigurationPlatforms) = postSolution
		{82E63AB4-8EBF-4677-BE6A-49B9C3902AEE}.Debug|Any CPU.ActiveCfg = Debug|Any CPU
		{82E63AB4-8EBF-4677-BE6A-49B9C3902AEE}.Debug|Any CPU.Build.0 = Debug|Any CPU
		{82E63AB4-8EBF-4677-BE6A-49B9C3902AEE}.Release|Any CPU.ActiveCfg = Release|Any CPU
		{82E63AB4-8EBF-4677-BE6A-49B9C3902AEE}.Release|Any CPU.Build.0 = Release|Any CPU
	EndGlobalSection
	GlobalSection(SolutionProperties) = preSolution
		HideSolutionNode = FALSE
	EndGlobalSection
	GlobalSection(ExtensibilityGlobals) = postSolution
		SolutionGuid = {0E1C5DE0-E7AC-44AF-BA95-2D56259669B1}
	EndGlobalSection
EndGlobal
