
Microsoft Visual Studio Solution File, Format Version 12.00
# Visual Studio Version 16
VisualStudioVersion = 16.0.30204.135
MinimumVisualStudioVersion = 10.0.40219.1
Project("{FAE04EC0-301F-11D3-BF4B-00C04F79EFBC}") = "WpfApp57", "WpfApp57\WpfApp57.csproj", "{B145811B-D5A1-4A1B-8968-FF48D2FF4445}"
EndProject
Global
	GlobalSection(SolutionConfigurationPlatforms) = preSolution
		Debug|Any CPU = Debug|Any CPU
		Release|Any CPU = Release|Any CPU
	EndGlobalSection
	GlobalSection(ProjectConfigurationPlatforms) = postSolution
		{B145811B-D5A1-4A1B-8968-FF48D2FF4445}.Debug|Any CPU.ActiveCfg = Debug|Any CPU
		{B145811B-D5A1-4A1B-8968-FF48D2FF4445}.Debug|Any CPU.Build.0 = Debug|Any CPU
		{B145811B-D5A1-4A1B-8968-FF48D2FF4445}.Release|Any CPU.ActiveCfg = Release|Any CPU
		{B145811B-D5A1-4A1B-8968-FF48D2FF4445}.Release|Any CPU.Build.0 = Release|Any CPU
	EndGlobalSection
	GlobalSection(SolutionProperties) = preSolution
		HideSolutionNode = FALSE
	EndGlobalSection
	GlobalSection(ExtensibilityGlobals) = postSolution
		SolutionGuid = {FC506AB1-18BA-46AD-95C4-C15132450349}
	EndGlobalSection
EndGlobal
