
Microsoft Visual Studio Solution File, Format Version 12.00
# Visual Studio 15
VisualStudioVersion = 15.0.28307.102
MinimumVisualStudioVersion = 10.0.40219.1
Project("{FAE04EC0-301F-11D3-BF4B-00C04F79EFBC}") = "WpfApp6", "WpfApp6\WpfApp6.csproj", "{CC495C76-E05C-42BA-8F0A-A0F9167356B9}"
EndProject
Global
	GlobalSection(SolutionConfigurationPlatforms) = preSolution
		Debug|Any CPU = Debug|Any CPU
		Release|Any CPU = Release|Any CPU
	EndGlobalSection
	GlobalSection(ProjectConfigurationPlatforms) = postSolution
		{CC495C76-E05C-42BA-8F0A-A0F9167356B9}.Debug|Any CPU.ActiveCfg = Debug|Any CPU
		{CC495C76-E05C-42BA-8F0A-A0F9167356B9}.Debug|Any CPU.Build.0 = Debug|Any CPU
		{CC495C76-E05C-42BA-8F0A-A0F9167356B9}.Release|Any CPU.ActiveCfg = Release|Any CPU
		{CC495C76-E05C-42BA-8F0A-A0F9167356B9}.Release|Any CPU.Build.0 = Release|Any CPU
	EndGlobalSection
	GlobalSection(SolutionProperties) = preSolution
		HideSolutionNode = FALSE
	EndGlobalSection
	GlobalSection(ExtensibilityGlobals) = postSolution
		SolutionGuid = {EB7496BA-0C28-41D8-B856-EF9B0ABCFE61}
	EndGlobalSection
EndGlobal
