
Microsoft Visual Studio Solution File, Format Version 12.00
# Visual Studio Version 16
VisualStudioVersion = 16.0.30717.126
MinimumVisualStudioVersion = 10.0.40219.1
Project("{FAE04EC0-301F-11D3-BF4B-00C04F79EFBC}") = "ConsoleApp1", "ConsoleApp1\ConsoleApp1.csproj", "{A671DE86-D729-4512-966A-74DF60AF082A}"
	ProjectSection(ProjectDependencies) = postProject
		{769D0FED-800C-4430-A15B-3210E07A758B} = {769D0FED-800C-4430-A15B-3210E07A758B}
	EndProjectSection
EndProject
Project("{8BC9CEB8-8B4A-11D0-8D11-00A0C91BC942}") = "DllTest", "DllTest\DllTest.vcxproj", "{769D0FED-800C-4430-A15B-3210E07A758B}"
EndProject
Global
	GlobalSection(SolutionConfigurationPlatforms) = preSolution
		Debug|x64 = Debug|x64
		Release|x64 = Release|x64
	EndGlobalSection
	GlobalSection(ProjectConfigurationPlatforms) = postSolution
		{A671DE86-D729-4512-966A-74DF60AF082A}.Debug|x64.ActiveCfg = Debug|x64
		{A671DE86-D729-4512-966A-74DF60AF082A}.Debug|x64.Build.0 = Debug|x64
		{A671DE86-D729-4512-966A-74DF60AF082A}.Release|x64.ActiveCfg = Release|x64
		{769D0FED-800C-4430-A15B-3210E07A758B}.Debug|x64.ActiveCfg = Debug|x64
		{769D0FED-800C-4430-A15B-3210E07A758B}.Debug|x64.Build.0 = Debug|x64
		{769D0FED-800C-4430-A15B-3210E07A758B}.Release|x64.ActiveCfg = Release|x64
		{769D0FED-800C-4430-A15B-3210E07A758B}.Release|x64.Build.0 = Release|x64
	EndGlobalSection
	GlobalSection(SolutionProperties) = preSolution
		HideSolutionNode = FALSE
	EndGlobalSection
	GlobalSection(ExtensibilityGlobals) = postSolution
		SolutionGuid = {9064EB51-FDD5-4391-B1C9-0F6A97DC4102}
	EndGlobalSection
EndGlobal
