
Microsoft Visual Studio Solution File, Format Version 12.00
# Visual Studio Version 16
VisualStudioVersion = 16.0.30204.135
MinimumVisualStudioVersion = 10.0.40219.1
Project("{FAE04EC0-301F-11D3-BF4B-00C04F79EFBC}") = "WpfApp58", "WpfApp58\WpfApp58.csproj", "{659CD347-9365-4F50-90E9-190B72B3A7E1}"
EndProject
Global
	GlobalSection(SolutionConfigurationPlatforms) = preSolution
		Debug|Any CPU = Debug|Any CPU
		Release|Any CPU = Release|Any CPU
	EndGlobalSection
	GlobalSection(ProjectConfigurationPlatforms) = postSolution
		{659CD347-9365-4F50-90E9-190B72B3A7E1}.Debug|Any CPU.ActiveCfg = Debug|Any CPU
		{659CD347-9365-4F50-90E9-190B72B3A7E1}.Debug|Any CPU.Build.0 = Debug|Any CPU
		{659CD347-9365-4F50-90E9-190B72B3A7E1}.Release|Any CPU.ActiveCfg = Release|Any CPU
		{659CD347-9365-4F50-90E9-190B72B3A7E1}.Release|Any CPU.Build.0 = Release|Any CPU
	EndGlobalSection
	GlobalSection(SolutionProperties) = preSolution
		HideSolutionNode = FALSE
	EndGlobalSection
	GlobalSection(ExtensibilityGlobals) = postSolution
		SolutionGuid = {348782F3-BB70-4D89-9EA7-BA07529732CE}
	EndGlobalSection
EndGlobal
