
Microsoft Visual Studio Solution File, Format Version 12.00
# Visual Studio 15
VisualStudioVersion = 15.0.28307.102
MinimumVisualStudioVersion = 10.0.40219.1
Project("{FAE04EC0-301F-11D3-BF4B-00C04F79EFBC}") = "WpfApp3", "WpfApp3\WpfApp3.csproj", "{F65140A0-7B9F-4C4A-9E8E-710FECD8BE7E}"
EndProject
Global
	GlobalSection(SolutionConfigurationPlatforms) = preSolution
		Debug|Any CPU = Debug|Any CPU
		Release|Any CPU = Release|Any CPU
	EndGlobalSection
	GlobalSection(ProjectConfigurationPlatforms) = postSolution
		{F65140A0-7B9F-4C4A-9E8E-710FECD8BE7E}.Debug|Any CPU.ActiveCfg = Debug|Any CPU
		{F65140A0-7B9F-4C4A-9E8E-710FECD8BE7E}.Debug|Any CPU.Build.0 = Debug|Any CPU
		{F65140A0-7B9F-4C4A-9E8E-710FECD8BE7E}.Release|Any CPU.ActiveCfg = Release|Any CPU
		{F65140A0-7B9F-4C4A-9E8E-710FECD8BE7E}.Release|Any CPU.Build.0 = Release|Any CPU
	EndGlobalSection
	GlobalSection(SolutionProperties) = preSolution
		HideSolutionNode = FALSE
	EndGlobalSection
	GlobalSection(ExtensibilityGlobals) = postSolution
		SolutionGuid = {6BD3A76D-31CF-4152-88B4-90151D7AC453}
	EndGlobalSection
EndGlobal
