
Microsoft Visual Studio Solution File, Format Version 12.00
# Visual Studio Version 16
VisualStudioVersion = 16.0.29102.190
MinimumVisualStudioVersion = 10.0.40219.1
Project("{FAE04EC0-301F-11D3-BF4B-00C04F79EFBC}") = "WpfApp44", "WpfApp44\WpfApp44.csproj", "{BCF18723-DFC8-46BC-8E50-C96404025588}"
EndProject
Global
	GlobalSection(SolutionConfigurationPlatforms) = preSolution
		Debug|Any CPU = Debug|Any CPU
		Release|Any CPU = Release|Any CPU
	EndGlobalSection
	GlobalSection(ProjectConfigurationPlatforms) = postSolution
		{BCF18723-DFC8-46BC-8E50-C96404025588}.Debug|Any CPU.ActiveCfg = Debug|Any CPU
		{BCF18723-DFC8-46BC-8E50-C96404025588}.Debug|Any CPU.Build.0 = Debug|Any CPU
		{BCF18723-DFC8-46BC-8E50-C96404025588}.Release|Any CPU.ActiveCfg = Release|Any CPU
		{BCF18723-DFC8-46BC-8E50-C96404025588}.Release|Any CPU.Build.0 = Release|Any CPU
	EndGlobalSection
	GlobalSection(SolutionProperties) = preSolution
		HideSolutionNode = FALSE
	EndGlobalSection
	GlobalSection(ExtensibilityGlobals) = postSolution
		SolutionGuid = {8CB53BC8-DD36-41FE-B41D-6746796305FF}
	EndGlobalSection
EndGlobal
