
Microsoft Visual Studio Solution File, Format Version 12.00
# Visual Studio 15
VisualStudioVersion = 15.0.28307.102
MinimumVisualStudioVersion = 10.0.40219.1
Project("{FAE04EC0-301F-11D3-BF4B-00C04F79EFBC}") = "WpfApp10", "WpfApp10\WpfApp10.csproj", "{743176E0-8C00-4089-829D-EEFC6EE6CB1A}"
EndProject
Global
	GlobalSection(SolutionConfigurationPlatforms) = preSolution
		Debug|Any CPU = Debug|Any CPU
		Release|Any CPU = Release|Any CPU
	EndGlobalSection
	GlobalSection(ProjectConfigurationPlatforms) = postSolution
		{743176E0-8C00-4089-829D-EEFC6EE6CB1A}.Debug|Any CPU.ActiveCfg = Debug|Any CPU
		{743176E0-8C00-4089-829D-EEFC6EE6CB1A}.Debug|Any CPU.Build.0 = Debug|Any CPU
		{743176E0-8C00-4089-829D-EEFC6EE6CB1A}.Release|Any CPU.ActiveCfg = Release|Any CPU
		{743176E0-8C00-4089-829D-EEFC6EE6CB1A}.Release|Any CPU.Build.0 = Release|Any CPU
	EndGlobalSection
	GlobalSection(SolutionProperties) = preSolution
		HideSolutionNode = FALSE
	EndGlobalSection
	GlobalSection(ExtensibilityGlobals) = postSolution
		SolutionGuid = {08A75C54-D6B2-4BF6-9813-0D9CEAB3AA80}
	EndGlobalSection
EndGlobal
