
Microsoft Visual Studio Solution File, Format Version 12.00
# Visual Studio 15
VisualStudioVersion = 15.0.28307.489
MinimumVisualStudioVersion = 10.0.40219.1
Project("{FAE04EC0-301F-11D3-BF4B-00C04F79EFBC}") = "WpfApp13", "WpfApp13\WpfApp13.csproj", "{641C9A8F-06BB-45AC-B22C-34C0C156D9C1}"
EndProject
Project("{FAE04EC0-301F-11D3-BF4B-00C04F79EFBC}") = "ConsoleApp1", "ConsoleApp1\ConsoleApp1.csproj", "{2E0A171B-E3F3-475E-98EC-DEF570AFA5C8}"
EndProject
Global
	GlobalSection(SolutionConfigurationPlatforms) = preSolution
		Debug|Any CPU = Debug|Any CPU
		Release|Any CPU = Release|Any CPU
	EndGlobalSection
	GlobalSection(ProjectConfigurationPlatforms) = postSolution
		{641C9A8F-06BB-45AC-B22C-34C0C156D9C1}.Debug|Any CPU.ActiveCfg = Debug|Any CPU
		{641C9A8F-06BB-45AC-B22C-34C0C156D9C1}.Debug|Any CPU.Build.0 = Debug|Any CPU
		{641C9A8F-06BB-45AC-B22C-34C0C156D9C1}.Release|Any CPU.ActiveCfg = Release|Any CPU
		{641C9A8F-06BB-45AC-B22C-34C0C156D9C1}.Release|Any CPU.Build.0 = Release|Any CPU
		{2E0A171B-E3F3-475E-98EC-DEF570AFA5C8}.Debug|Any CPU.ActiveCfg = Debug|Any CPU
		{2E0A171B-E3F3-475E-98EC-DEF570AFA5C8}.Debug|Any CPU.Build.0 = Debug|Any CPU
		{2E0A171B-E3F3-475E-98EC-DEF570AFA5C8}.Release|Any CPU.ActiveCfg = Release|Any CPU
		{2E0A171B-E3F3-475E-98EC-DEF570AFA5C8}.Release|Any CPU.Build.0 = Release|Any CPU
	EndGlobalSection
	GlobalSection(SolutionProperties) = preSolution
		HideSolutionNode = FALSE
	EndGlobalSection
	GlobalSection(ExtensibilityGlobals) = postSolution
		SolutionGuid = {B8645131-3898-4701-B055-95837C26BFD3}
	EndGlobalSection
EndGlobal
