
Microsoft Visual Studio Solution File, Format Version 12.00
# Visual Studio Version 16
VisualStudioVersion = 16.0.29102.190
MinimumVisualStudioVersion = 10.0.40219.1
Project("{FAE04EC0-301F-11D3-BF4B-00C04F79EFBC}") = "WpfApp38", "WpfApp38\WpfApp38.csproj", "{6544A91B-C4FE-4277-98D2-A005F79852F8}"
EndProject
Global
	GlobalSection(SolutionConfigurationPlatforms) = preSolution
		Debug|Any CPU = Debug|Any CPU
		Release|Any CPU = Release|Any CPU
	EndGlobalSection
	GlobalSection(ProjectConfigurationPlatforms) = postSolution
		{6544A91B-C4FE-4277-98D2-A005F79852F8}.Debug|Any CPU.ActiveCfg = Debug|Any CPU
		{6544A91B-C4FE-4277-98D2-A005F79852F8}.Debug|Any CPU.Build.0 = Debug|Any CPU
		{6544A91B-C4FE-4277-98D2-A005F79852F8}.Release|Any CPU.ActiveCfg = Release|Any CPU
		{6544A91B-C4FE-4277-98D2-A005F79852F8}.Release|Any CPU.Build.0 = Release|Any CPU
	EndGlobalSection
	GlobalSection(SolutionProperties) = preSolution
		HideSolutionNode = FALSE
	EndGlobalSection
	GlobalSection(ExtensibilityGlobals) = postSolution
		SolutionGuid = {B3601979-B359-4657-B3AE-DA9B21B5227A}
	EndGlobalSection
EndGlobal
